Microsoft Visual Studio Solution File, Format Version 12.00
# Visual Studio Version 17
VisualStudioVersion = 17.5.2.0
MinimumVisualStudioVersion = 10.0.40219.1
Project("{FAE04EC0-301F-11D3-BF4B-00C04F79EFBC}") = "ControleGastos", "ControleGastos.csproj", "{9AD2135B-A9D2-EA74-BEA4-6F97FEE36064}"
EndProject
Global
	GlobalSection(SolutionConfigurationPlatforms) = preSolution
		Debug|Any CPU = Debug|Any CPU
		Release|Any CPU = Release|Any CPU
	EndGlobalSection
	GlobalSection(ProjectConfigurationPlatforms) = postSolution
		{9AD2135B-A9D2-EA74-BEA4-6F97FEE36064}.Debug|Any CPU.ActiveCfg = Debug|Any CPU
		{9AD2135B-A9D2-EA74-BEA4-6F97FEE36064}.Debug|Any CPU.Build.0 = Debug|Any CPU
		{9AD2135B-A9D2-EA74-BEA4-6F97FEE36064}.Release|Any CPU.ActiveCfg = Release|Any CPU
		{9AD2135B-A9D2-EA74-BEA4-6F97FEE36064}.Release|Any CPU.Build.0 = Release|Any CPU
	EndGlobalSection
	GlobalSection(SolutionProperties) = preSolution
		HideSolutionNode = FALSE
	EndGlobalSection
	GlobalSection(ExtensibilityGlobals) = postSolution
		SolutionGuid = {AEC15E05-CF04-433D-B3E5-966AEEACE8EB}
	EndGlobalSection
EndGlobal
